{
  "pins" : [
    {
      "identity" : "beet-swift",
      "kind" : "remoteSourceControl",
      "location" : "https://github.com/metaplex-foundation/beet-swift",
      "state" : {
        "branch" : "1.0.0",
        "revision" : "0873ff2e674e64e1c40fceeb6c040064015bdc09"
      }
    },
    {
      "identity" : "metaplex-swift-program-library",
      "kind" : "remoteSourceControl",
      "location" : "https://github.com/metaplex-foundation/metaplex-swift-program-library",
      "state" : {
        "branch" : "main",
        "revision" : "4684d1b6a7a9e491adcc600c9cdd3cb73aec783d"
      }
    },
    {
      "identity" : "pathkit",
      "kind" : "remoteSourceControl",
      "location" : "https://github.com/kylef/PathKit.git",
      "state" : {
        "revision" : "e2f5be30e4c8f531c9c1e8765aa7b71c0a45d7a0",
        "version" : "0.9.2"
      }
    },
    {
      "identity" : "secp256k1.swift",
      "kind" : "remoteSourceControl",
      "location" : "https://github.com/Boilertalk/secp256k1.swift.git",
      "state" : {
        "revision" : "45e458ec3be46cf0a6eb68bc947f797852dc65d8",
        "version" : "0.1.6"
      }
    },
    {
      "identity" : "solana.swift",
      "kind" : "remoteSourceControl",
      "location" : "https://github.com/metaplex-foundation/Solana.Swift.git",
      "state" : {
        "branch" : "master",
        "revision" : "2412155fd8855e98ae02917b0791b2fbc4646a01"
      }
    },
    {
      "identity" : "solita-swift",
      "kind" : "remoteSourceControl",
      "location" : "https://github.com/metaplex-foundation/solita-swift.git",
      "state" : {
        "branch" : "main",
        "revision" : "eb36c8343870bc760c7e84ba3781a7f0c32af1a4"
      }
    },
    {
      "identity" : "spectre",
      "kind" : "remoteSourceControl",
      "location" : "https://github.com/kylef/Spectre.git",
      "state" : {
        "revision" : "f79d4ecbf8bc4e1579fbd86c3e1d652fb6876c53",
        "version" : "0.9.2"
      }
    },
    {
      "identity" : "starscream",
      "kind" : "remoteSourceControl",
      "location" : "https://github.com/daltoniam/Starscream.git",
      "state" : {
        "revision" : "df8d82047f6654d8e4b655d1b1525c64e1059d21",
        "version" : "4.0.4"
      }
    },
    {
      "identity" : "swiftcli",
      "kind" : "remoteSourceControl",
      "location" : "https://github.com/jakeheis/SwiftCLI",
      "state" : {
        "revision" : "2e949055d9797c1a6bddcda0e58dada16cc8e970",
        "version" : "6.0.3"
      }
    },
    {
      "identity" : "tweetnacl-swiftwrap",
      "kind" : "remoteSourceControl",
      "location" : "https://github.com/bitmark-inc/tweetnacl-swiftwrap.git",
      "state" : {
        "revision" : "f8fd111642bf2336b11ef9ea828510693106e954",
        "version" : "1.1.0"
      }
    }
  ],
  "version" : 2
}
